
Microsoft Visual Studio Solution File, Format Version 12.00
# Visual Studio Version 17
VisualStudioVersion = 17.7.34221.43
MinimumVisualStudioVersion = 10.0.40219.1
Project("{FAE04EC0-301F-11D3-BF4B-00C04F79EFBC}") = "WineryShopMkd", "WineryShopMkd\WineryShopMkd.csproj", "{ECF2A9A3-3440-44D0-A3E7-5EA0163D81EC}"
EndProject
Global
	GlobalSection(SolutionConfigurationPlatforms) = preSolution
		Debug|Any CPU = Debug|Any CPU
		Release|Any CPU = Release|Any CPU
	EndGlobalSection
	GlobalSection(ProjectConfigurationPlatforms) = postSolution
		{ECF2A9A3-3440-44D0-A3E7-5EA0163D81EC}.Debug|Any CPU.ActiveCfg = Debug|Any CPU
		{ECF2A9A3-3440-44D0-A3E7-5EA0163D81EC}.Debug|Any CPU.Build.0 = Debug|Any CPU
		{ECF2A9A3-3440-44D0-A3E7-5EA0163D81EC}.Release|Any CPU.ActiveCfg = Release|Any CPU
		{ECF2A9A3-3440-44D0-A3E7-5EA0163D81EC}.Release|Any CPU.Build.0 = Release|Any CPU
	EndGlobalSection
	GlobalSection(SolutionProperties) = preSolution
		HideSolutionNode = FALSE
	EndGlobalSection
	GlobalSection(ExtensibilityGlobals) = postSolution
		SolutionGuid = {40FFD4C7-C8BD-4CCA-96E1-1B5F61127551}
	EndGlobalSection
EndGlobal
